
Microsoft Visual Studio Solution File, Format Version 12.00
# Visual Studio Version 17
VisualStudioVersion = 17.5.33627.172
MinimumVisualStudioVersion = 10.0.40219.1
Project("{FAE04EC0-301F-11D3-BF4B-00C04F79EFBC}") = "azaure-frontend-test-new", "azaure-frontend-test-new\azaure-frontend-test-new.csproj", "{836DD7AA-9694-48FB-879F-80BAC8D85D0D}"
EndProject
Global
	GlobalSection(SolutionConfigurationPlatforms) = preSolution
		Debug|Any CPU = Debug|Any CPU
		Release|Any CPU = Release|Any CPU
	EndGlobalSection
	GlobalSection(ProjectConfigurationPlatforms) = postSolution
		{836DD7AA-9694-48FB-879F-80BAC8D85D0D}.Debug|Any CPU.ActiveCfg = Debug|Any CPU
		{836DD7AA-9694-48FB-879F-80BAC8D85D0D}.Debug|Any CPU.Build.0 = Debug|Any CPU
		{836DD7AA-9694-48FB-879F-80BAC8D85D0D}.Release|Any CPU.ActiveCfg = Release|Any CPU
		{836DD7AA-9694-48FB-879F-80BAC8D85D0D}.Release|Any CPU.Build.0 = Release|Any CPU
	EndGlobalSection
	GlobalSection(SolutionProperties) = preSolution
		HideSolutionNode = FALSE
	EndGlobalSection
	GlobalSection(ExtensibilityGlobals) = postSolution
		SolutionGuid = {185D4D37-4D15-4151-8DB6-F1C262D8AAC1}
	EndGlobalSection
EndGlobal
